
Microsoft Visual Studio Solution File, Format Version 12.00
# Visual Studio Version 16
VisualStudioVersion = 16.0.29418.71
MinimumVisualStudioVersion = 10.0.40219.1
Project("{9092AA53-FB77-4645-B42D-1CCCA6BD08BD}") = "NodejsWebApp1", "NodejsWebApp1\NodejsWebApp1.njsproj", "{4CB1E373-5240-45E7-AB29-20953C570E26}"
EndProject
Global
	GlobalSection(SolutionConfigurationPlatforms) = preSolution
		Debug|Any CPU = Debug|Any CPU
		Release|Any CPU = Release|Any CPU
	EndGlobalSection
	GlobalSection(ProjectConfigurationPlatforms) = postSolution
		{4CB1E373-5240-45E7-AB29-20953C570E26}.Debug|Any CPU.ActiveCfg = Debug|Any CPU
		{4CB1E373-5240-45E7-AB29-20953C570E26}.Debug|Any CPU.Build.0 = Debug|Any CPU
		{4CB1E373-5240-45E7-AB29-20953C570E26}.Release|Any CPU.ActiveCfg = Release|Any CPU
		{4CB1E373-5240-45E7-AB29-20953C570E26}.Release|Any CPU.Build.0 = Release|Any CPU
	EndGlobalSection
	GlobalSection(SolutionProperties) = preSolution
		HideSolutionNode = FALSE
	EndGlobalSection
	GlobalSection(ExtensibilityGlobals) = postSolution
		SolutionGuid = {91EEE43C-F3C2-4E72-8B4C-60BDF0EF4106}
	EndGlobalSection
EndGlobal
